# @generated - this file is auto-generated by `mise lock` https://mise.en.dev/dev-tools/mise-lock.html

[[tools.node]]
version = "26.9.0"
backend = "core:node"

[tools.node."platforms.linux-arm64"]
checksum = "sha256:d5077591aa38b48d90bf9b3ac10da8d2f40dce289b20294913c58c19f153eb12"
url = "https://nodejs.org/dist/v26.9.0/node-v26.9.0-linux-arm64.tar.gz"

[tools.node."platforms.linux-arm64-musl"]
checksum = "sha256:b52b747e86ef6d18068f02f43f508a608358c974dc5da8ef270bc823ba4710ca"
url = "https://unofficial-builds.nodejs.org/download/release/v26.9.0/node-v26.9.0-linux-arm64-musl.tar.gz"

[tools.node."platforms.linux-x64"]
checksum = "sha256:03d9104fc4f19652e74480fed11c023d75981464b7292f21a601c3f95ce7d90d"
url = "https://nodejs.org/dist/v26.9.0/node-v26.9.0-linux-x64.tar.gz"

[tools.node."platforms.linux-x64-musl"]
checksum = "sha256:669dd67ec374f7315dbac9e119641d0e4f371519e00c4b692f1f81e7a04b747c"
url = "https://unofficial-builds.nodejs.org/download/release/v26.9.0/node-v26.9.0-linux-x64-musl.tar.gz"

[tools.node."platforms.macos-arm64"]
checksum = "sha256:6f3de7ed853ee283b4bf24b6e426618f1d357401ce5815db1866eb85eb4b05d9"
url = "https://nodejs.org/dist/v26.9.0/node-v26.9.0-darwin-arm64.tar.gz"

[tools.node."platforms.macos-x64"]
checksum = "sha256:06b2e742ed9025dc84adc830243b3f731956eac9c321bccd0ede384209af02a8"
url = "https://nodejs.org/dist/v26.9.0/node-v26.9.0-darwin-x64.tar.gz"

[tools.node."platforms.windows-x64"]
checksum = "sha256:c8af870b5b3e9789a6cbdb30270e7c212e12d76a7afa7fc7f21b6b21cc22a71b"
url = "https://nodejs.org/dist/v26.9.0/node-v26.9.0-win-x64.zip"

[[tools.pnpm]]
version = "11.27.0"
backend = "aqua:pnpm/pnpm"

[tools.pnpm."platforms.linux-arm64"]
checksum = "sha256:1f3c5dbdfe20b011ea86950b4fd61b5918cbde874c099032fe9064f7a53816bf"
url = "https://github.com/pnpm/pnpm/releases/download/v11.27.0/pnpm-linux-arm64.tar.gz"
url_api = "https://api.github.com/repos/pnpm/pnpm/releases/assets/559064653"
provenance = "github-attestations"

[tools.pnpm."platforms.linux-arm64-musl"]
checksum = "sha256:ee24db9e6beb2f7a8b40051e008dd4eae8d6feb4fc8d4d8447ed84a34bb7477c"
url = "https://github.com/pnpm/pnpm/releases/download/v11.27.0/pnpm-linux-arm64-musl.tar.gz"
url_api = "https://api.github.com/repos/pnpm/pnpm/releases/assets/559064657"
provenance = "github-attestations"

[tools.pnpm."platforms.linux-x64"]
checksum = "sha256:14ed04e631e4563abf3570dda1a365316683149a482b741a2db37e495f6b9cdb"
url = "https://github.com/pnpm/pnpm/releases/download/v11.27.0/pnpm-linux-x64.tar.gz"
url_api = "https://api.github.com/repos/pnpm/pnpm/releases/assets/559064655"
provenance = "github-attestations"

[tools.pnpm."platforms.linux-x64-musl"]
checksum = "sha256:27d5c9481f12fbb5dbcf85df5677b5bae1e164af1fe05a182481da6e5043cd07"
url = "https://github.com/pnpm/pnpm/releases/download/v11.27.0/pnpm-linux-x64-musl.tar.gz"
url_api = "https://api.github.com/repos/pnpm/pnpm/releases/assets/559064658"
provenance = "github-attestations"

[tools.pnpm."platforms.macos-arm64"]
checksum = "sha256:9e8724db1d733d651cfe9a55d6de3d59fc8c5e472b9b4e9c2844acafd38c015e"
url = "https://github.com/pnpm/pnpm/releases/download/v11.27.0/pnpm-darwin-arm64.tar.gz"
url_api = "https://api.github.com/repos/pnpm/pnpm/releases/assets/559064654"
provenance = "github-attestations"

[tools.pnpm."platforms.windows-x64"]
checksum = "sha256:fed6d7039f9379d446b9edebb7b9d6db79e5c336bc4a86bf854730ec6c7dd53a"
url = "https://github.com/pnpm/pnpm/releases/download/v11.27.0/pnpm-win32-x64.zip"
url_api = "https://api.github.com/repos/pnpm/pnpm/releases/assets/559064652"
provenance = "github-attestations"
